// !$*UTF8*$!
{
	archiveVersion = 1;
	classes = {
	};
	objectVersion = 50;
	objects = {

/* Begin PBXBuildFile section */
		2218A8FD32CBC49FDD8EE974 /* Pods_ToDoList.framework in Frameworks */ = {isa = PBXBuildFile; fileRef = 69C4ABE5F864842B42082843 /* Pods_ToDoList.framework */; };
		4F226E4321EF8B30004440EA /* AppDelegate.swift in Sources */ = {isa = PBXBuildFile; fileRef = 4F226E4221EF8B30004440EA /* AppDelegate.swift */; };
		4F226E4521EF8B30004440EA /* TableViewController.swift in Sources */ = {isa = PBXBuildFile; fileRef = 4F226E4421EF8B30004440EA /* TableViewController.swift */; };
		4F226E4821EF8B30004440EA /* Main.storyboard in Resources */ = {isa = PBXBuildFile; fileRef = 4F226E4621EF8B30004440EA /* Main.storyboard */; };
		4F226E4B21EF8B30004440EA /* ToDoList.xcdatamodeld in Sources */ = {isa = PBXBuildFile; fileRef = 4F226E4921EF8B30004440EA /* ToDoList.xcdatamodeld */; };
		4F226E4D21EF8B33004440EA /* Assets.xcassets in Resources */ = {isa = PBXBuildFile; fileRef = 4F226E4C21EF8B33004440EA /* Assets.xcassets */; };
		4F226E5021EF8B33004440EA /* LaunchScreen.storyboard in Resources */ = {isa = PBXBuildFile; fileRef = 4F226E4E21EF8B33004440EA /* LaunchScreen.storyboard */; };
		4F226E5921EF969D004440EA /* TaskDto.swift in Sources */ = {isa = PBXBuildFile; fileRef = 4F226E5821EF969D004440EA /* TaskDto.swift */; };
		4F226E5C21EFBA27004440EA /* ApiClient.swift in Sources */ = {isa = PBXBuildFile; fileRef = 4F226E5B21EFBA27004440EA /* ApiClient.swift */; };
		4F226E6721EFCF62004440EA /* TableViewPresenter.swift in Sources */ = {isa = PBXBuildFile; fileRef = 4F226E6621EFCF62004440EA /* TableViewPresenter.swift */; };
		4F226E6B21EFE2CF004440EA /* TaskTableViewCell.swift in Sources */ = {isa = PBXBuildFile; fileRef = 4F226E6A21EFE2CF004440EA /* TaskTableViewCell.swift */; };
		4F226E6E21F0E5D8004440EA /* TaskViewController.swift in Sources */ = {isa = PBXBuildFile; fileRef = 4F226E6D21F0E5D7004440EA /* TaskViewController.swift */; };
		4F226E7021F0EF83004440EA /* TaskViewPresenter.swift in Sources */ = {isa = PBXBuildFile; fileRef = 4F226E6F21F0EF83004440EA /* TaskViewPresenter.swift */; };
		4F226E7321F10E8C004440EA /* UIBaseViewController.swift in Sources */ = {isa = PBXBuildFile; fileRef = 4F226E7221F10E8C004440EA /* UIBaseViewController.swift */; };
/* End PBXBuildFile section */

/* Begin PBXFileReference section */
		26544E0769F42F143F4B1897 /* Pods-ToDoList.debug.xcconfig */ = {isa = PBXFileReference; includeInIndex = 1; lastKnownFileType = text.xcconfig; name = "Pods-ToDoList.debug.xcconfig"; path = "Pods/Target Support Files/Pods-ToDoList/Pods-ToDoList.debug.xcconfig"; sourceTree = "<group>"; };
		4F226E3F21EF8B30004440EA /* ToDoList.app */ = {isa = PBXFileReference; explicitFileType = wrapper.application; includeInIndex = 0; path = ToDoList.app; sourceTree = BUILT_PRODUCTS_DIR; };
		4F226E4221EF8B30004440EA /* AppDelegate.swift */ = {isa = PBXFileReference; lastKnownFileType = sourcecode.swift; path = AppDelegate.swift; sourceTree = "<group>"; };
		4F226E4421EF8B30004440EA /* TableViewController.swift */ = {isa = PBXFileReference; lastKnownFileType = sourcecode.swift; path = TableViewController.swift; sourceTree = "<group>"; };
		4F226E4721EF8B30004440EA /* Base */ = {isa = PBXFileReference; lastKnownFileType = file.storyboard; name = Base; path = Base.lproj/Main.storyboard; sourceTree = "<group>"; };
		4F226E4A21EF8B30004440EA /* ToDoList.xcdatamodel */ = {isa = PBXFileReference; lastKnownFileType = wrapper.xcdatamodel; path = ToDoList.xcdatamodel; sourceTree = "<group>"; };
		4F226E4C21EF8B33004440EA /* Assets.xcassets */ = {isa = PBXFileReference; lastKnownFileType = folder.assetcatalog; path = Assets.xcassets; sourceTree = "<group>"; };
		4F226E4F21EF8B33004440EA /* Base */ = {isa = PBXFileReference; lastKnownFileType = file.storyboard; name = Base; path = Base.lproj/LaunchScreen.storyboard; sourceTree = "<group>"; };
		4F226E5121EF8B33004440EA /* Info.plist */ = {isa = PBXFileReference; lastKnownFileType = text.plist.xml; path = Info.plist; sourceTree = "<group>"; };
		4F226E5821EF969D004440EA /* TaskDto.swift */ = {isa = PBXFileReference; lastKnownFileType = sourcecode.swift; path = TaskDto.swift; sourceTree = "<group>"; };
		4F226E5B21EFBA27004440EA /* ApiClient.swift */ = {isa = PBXFileReference; lastKnownFileType = sourcecode.swift; path = ApiClient.swift; sourceTree = "<group>"; };
		4F226E6621EFCF62004440EA /* TableViewPresenter.swift */ = {isa = PBXFileReference; lastKnownFileType = sourcecode.swift; path = TableViewPresenter.swift; sourceTree = "<group>"; };
		4F226E6A21EFE2CF004440EA /* TaskTableViewCell.swift */ = {isa = PBXFileReference; lastKnownFileType = sourcecode.swift; path = TaskTableViewCell.swift; sourceTree = "<group>"; };
		4F226E6D21F0E5D7004440EA /* TaskViewController.swift */ = {isa = PBXFileReference; lastKnownFileType = sourcecode.swift; path = TaskViewController.swift; sourceTree = "<group>"; };
		4F226E6F21F0EF83004440EA /* TaskViewPresenter.swift */ = {isa = PBXFileReference; lastKnownFileType = sourcecode.swift; path = TaskViewPresenter.swift; sourceTree = "<group>"; };
		4F226E7221F10E8C004440EA /* UIBaseViewController.swift */ = {isa = PBXFileReference; lastKnownFileType = sourcecode.swift; path = UIBaseViewController.swift; sourceTree = "<group>"; };
		69C4ABE5F864842B42082843 /* Pods_ToDoList.framework */ = {isa = PBXFileReference; explicitFileType = wrapper.framework; includeInIndex = 0; path = Pods_ToDoList.framework; sourceTree = BUILT_PRODUCTS_DIR; };
		A6F709F1F92964F898DE4A7A /* Pods-ToDoList.release.xcconfig */ = {isa = PBXFileReference; includeInIndex = 1; lastKnownFileType = text.xcconfig; name = "Pods-ToDoList.release.xcconfig"; path = "Pods/Target Support Files/Pods-ToDoList/Pods-ToDoList.release.xcconfig"; sourceTree = "<group>"; };
/* End PBXFileReference section */

/* Begin PBXFrameworksBuildPhase section */
		4F226E3C21EF8B30004440EA /* Frameworks */ = {
			isa = PBXFrameworksBuildPhase;
			buildActionMask = 2147483647;
			files = (
				2218A8FD32CBC49FDD8EE974 /* Pods_ToDoList.framework in Frameworks */,
			);
			runOnlyForDeploymentPostprocessing = 0;
		};
/* End PBXFrameworksBuildPhase section */

/* Begin PBXGroup section */
		4F226E3621EF8B30004440EA = {
			isa = PBXGroup;
			children = (
				4F226E4121EF8B30004440EA /* ToDoList */,
				4F226E4021EF8B30004440EA /* Products */,
				E6ADEE16FEFF04823DCE12EF /* Pods */,
				991335B18D624BDAF08392E7 /* Frameworks */,
			);
			sourceTree = "<group>";
		};
		4F226E4021EF8B30004440EA /* Products */ = {
			isa = PBXGroup;
			children = (
				4F226E3F21EF8B30004440EA /* ToDoList.app */,
			);
			name = Products;
			sourceTree = "<group>";
		};
		4F226E4121EF8B30004440EA /* ToDoList */ = {
			isa = PBXGroup;
			children = (
				4F226E7421F1293F004440EA /* Views */,
				4F226E6421EFCED4004440EA /* Ui */,
				4F226E5A21EFB9DE004440EA /* Managers */,
				4F226E5721EF9689004440EA /* Models */,
				4F226E4221EF8B30004440EA /* AppDelegate.swift */,
				4F226E4C21EF8B33004440EA /* Assets.xcassets */,
				4F226E5121EF8B33004440EA /* Info.plist */,
				4F226E4921EF8B30004440EA /* ToDoList.xcdatamodeld */,
			);
			path = ToDoList;
			sourceTree = "<group>";
		};
		4F226E5721EF9689004440EA /* Models */ = {
			isa = PBXGroup;
			children = (
				4F226E5821EF969D004440EA /* TaskDto.swift */,
			);
			path = Models;
			sourceTree = "<group>";
		};
		4F226E5A21EFB9DE004440EA /* Managers */ = {
			isa = PBXGroup;
			children = (
				4F226E5B21EFBA27004440EA /* ApiClient.swift */,
			);
			path = Managers;
			sourceTree = "<group>";
		};
		4F226E6421EFCED4004440EA /* Ui */ = {
			isa = PBXGroup;
			children = (
				4F226E7121F0F82B004440EA /* Base */,
				4F226E6C21F0E59C004440EA /* Task */,
				4F226E6521EFCEE1004440EA /* Main */,
			);
			path = Ui;
			sourceTree = "<group>";
		};
		4F226E6521EFCEE1004440EA /* Main */ = {
			isa = PBXGroup;
			children = (
				4F226E4421EF8B30004440EA /* TableViewController.swift */,
				4F226E6621EFCF62004440EA /* TableViewPresenter.swift */,
				4F226E6A21EFE2CF004440EA /* TaskTableViewCell.swift */,
			);
			path = Main;
			sourceTree = "<group>";
		};
		4F226E6C21F0E59C004440EA /* Task */ = {
			isa = PBXGroup;
			children = (
				4F226E6D21F0E5D7004440EA /* TaskViewController.swift */,
				4F226E6F21F0EF83004440EA /* TaskViewPresenter.swift */,
			);
			path = Task;
			sourceTree = "<group>";
		};
		4F226E7121F0F82B004440EA /* Base */ = {
			isa = PBXGroup;
			children = (
				4F226E7221F10E8C004440EA /* UIBaseViewController.swift */,
			);
			path = Base;
			sourceTree = "<group>";
		};
		4F226E7421F1293F004440EA /* Views */ = {
			isa = PBXGroup;
			children = (
				4F226E4621EF8B30004440EA /* Main.storyboard */,
				4F226E4E21EF8B33004440EA /* LaunchScreen.storyboard */,
			);
			path = Views;
			sourceTree = "<group>";
		};
		991335B18D624BDAF08392E7 /* Frameworks */ = {
			isa = PBXGroup;
			children = (
				69C4ABE5F864842B42082843 /* Pods_ToDoList.framework */,
			);
			name = Frameworks;
			sourceTree = "<group>";
		};
		E6ADEE16FEFF04823DCE12EF /* Pods */ = {
			isa = PBXGroup;
			children = (
				26544E0769F42F143F4B1897 /* Pods-ToDoList.debug.xcconfig */,
				A6F709F1F92964F898DE4A7A /* Pods-ToDoList.release.xcconfig */,
			);
			name = Pods;
			sourceTree = "<group>";
		};
/* End PBXGroup section */

/* Begin PBXNativeTarget section */
		4F226E3E21EF8B30004440EA /* ToDoList */ = {
			isa = PBXNativeTarget;
			buildConfigurationList = 4F226E5421EF8B33004440EA /* Build configuration list for PBXNativeTarget "ToDoList" */;
			buildPhases = (
				DF7A1553366BE8158DDF16BA /* [CP] Check Pods Manifest.lock */,
				4F226E3B21EF8B30004440EA /* Sources */,
				4F226E3C21EF8B30004440EA /* Frameworks */,
				4F226E3D21EF8B30004440EA /* Resources */,
				563A47FEC5A53AA5D95B5EF1 /* [CP] Embed Pods Frameworks */,
			);
			buildRules = (
			);
			dependencies = (
			);
			name = ToDoList;
			productName = ToDoList;
			productReference = 4F226E3F21EF8B30004440EA /* ToDoList.app */;
			productType = "com.apple.product-type.application";
		};
/* End PBXNativeTarget section */

/* Begin PBXProject section */
		4F226E3721EF8B30004440EA /* Project object */ = {
			isa = PBXProject;
			attributes = {
				LastSwiftUpdateCheck = 1010;
				LastUpgradeCheck = 1010;
				ORGANIZATIONNAME = "Luis Eduardo Talavera Rios";
				TargetAttributes = {
					4F226E3E21EF8B30004440EA = {
						CreatedOnToolsVersion = 10.1;
					};
				};
			};
			buildConfigurationList = 4F226E3A21EF8B30004440EA /* Build configuration list for PBXProject "ToDoList" */;
			compatibilityVersion = "Xcode 9.3";
			developmentRegion = en;
			hasScannedForEncodings = 0;
			knownRegions = (
				en,
				Base,
			);
			mainGroup = 4F226E3621EF8B30004440EA;
			productRefGroup = 4F226E4021EF8B30004440EA /* Products */;
			projectDirPath = "";
			projectRoot = "";
			targets = (
				4F226E3E21EF8B30004440EA /* ToDoList */,
			);
		};
/* End PBXProject section */

/* Begin PBXResourcesBuildPhase section */
		4F226E3D21EF8B30004440EA /* Resources */ = {
			isa = PBXResourcesBuildPhase;
			buildActionMask = 2147483647;
			files = (
				4F226E5021EF8B33004440EA /* LaunchScreen.storyboard in Resources */,
				4F226E4D21EF8B33004440EA /* Assets.xcassets in Resources */,
				4F226E4821EF8B30004440EA /* Main.storyboard in Resources */,
			);
			runOnlyForDeploymentPostprocessing = 0;
		};
/* End PBXResourcesBuildPhase section */

/* Begin PBXShellScriptBuildPhase section */
		563A47FEC5A53AA5D95B5EF1 /* [CP] Embed Pods Frameworks */ = {
			isa = PBXShellScriptBuildPhase;
			buildActionMask = 2147483647;
			files = (
			);
			inputPaths = (
				"${SRCROOT}/Pods/Target Support Files/Pods-ToDoList/Pods-ToDoList-frameworks.sh",
				"${BUILT_PRODUCTS_DIR}/Alamofire/Alamofire.framework",
				"${BUILT_PRODUCTS_DIR}/AlamofireImage/AlamofireImage.framework",
				"${BUILT_PRODUCTS_DIR}/AlamofireNetworkActivityLogger/AlamofireNetworkActivityLogger.framework",
				"${BUILT_PRODUCTS_DIR}/AlamofireObjectMapper/AlamofireObjectMapper.framework",
				"${BUILT_PRODUCTS_DIR}/MBProgressHUD/MBProgressHUD.framework",
				"${BUILT_PRODUCTS_DIR}/ObjectMapper/ObjectMapper.framework",
				"${BUILT_PRODUCTS_DIR}/TTGSnackbar/TTGSnackbar.framework",
			);
			name = "[CP] Embed Pods Frameworks";
			outputPaths = (
				"${TARGET_BUILD_DIR}/${FRAMEWORKS_FOLDER_PATH}/Alamofire.framework",
				"${TARGET_BUILD_DIR}/${FRAMEWORKS_FOLDER_PATH}/AlamofireImage.framework",
				"${TARGET_BUILD_DIR}/${FRAMEWORKS_FOLDER_PATH}/AlamofireNetworkActivityLogger.framework",
				"${TARGET_BUILD_DIR}/${FRAMEWORKS_FOLDER_PATH}/AlamofireObjectMapper.framework",
				"${TARGET_BUILD_DIR}/${FRAMEWORKS_FOLDER_PATH}/MBProgressHUD.framework",
				"${TARGET_BUILD_DIR}/${FRAMEWORKS_FOLDER_PATH}/ObjectMapper.framework",
				"${TARGET_BUILD_DIR}/${FRAMEWORKS_FOLDER_PATH}/TTGSnackbar.framework",
			);
			runOnlyForDeploymentPostprocessing = 0;
			shellPath = /bin/sh;
			shellScript = "\"${SRCROOT}/Pods/Target Support Files/Pods-ToDoList/Pods-ToDoList-frameworks.sh\"\n";
			showEnvVarsInLog = 0;
		};
		DF7A1553366BE8158DDF16BA /* [CP] Check Pods Manifest.lock */ = {
			isa = PBXShellScriptBuildPhase;
			buildActionMask = 2147483647;
			files = (
			);
			inputPaths = (
				"${PODS_PODFILE_DIR_PATH}/Podfile.lock",
				"${PODS_ROOT}/Manifest.lock",
			);
			name = "[CP] Check Pods Manifest.lock";
			outputPaths = (
				"$(DERIVED_FILE_DIR)/Pods-ToDoList-checkManifestLockResult.txt",
			);
			runOnlyForDeploymentPostprocessing = 0;
			shellPath = /bin/sh;
			shellScript = "diff \"${PODS_PODFILE_DIR_PATH}/Podfile.lock\" \"${PODS_ROOT}/Manifest.lock\" > /dev/null\nif [ $? != 0 ] ; then\n    # print error to STDERR\n    echo \"error: The sandbox is not in sync with the Podfile.lock. Run 'pod install' or update your CocoaPods installation.\" >&2\n    exit 1\nfi\n# This output is used by Xcode 'outputs' to avoid re-running this script phase.\necho \"SUCCESS\" > \"${SCRIPT_OUTPUT_FILE_0}\"\n";
			showEnvVarsInLog = 0;
		};
/* End PBXShellScriptBuildPhase section */

/* Begin PBXSourcesBuildPhase section */
		4F226E3B21EF8B30004440EA /* Sources */ = {
			isa = PBXSourcesBuildPhase;
			buildActionMask = 2147483647;
			files = (
				4F226E7021F0EF83004440EA /* TaskViewPresenter.swift in Sources */,
				4F226E6B21EFE2CF004440EA /* TaskTableViewCell.swift in Sources */,
				4F226E6721EFCF62004440EA /* TableViewPresenter.swift in Sources */,
				4F226E5921EF969D004440EA /* TaskDto.swift in Sources */,
				4F226E4521EF8B30004440EA /* TableViewController.swift in Sources */,
				4F226E7321F10E8C004440EA /* UIBaseViewController.swift in Sources */,
				4F226E4B21EF8B30004440EA /* ToDoList.xcdatamodeld in Sources */,
				4F226E6E21F0E5D8004440EA /* TaskViewController.swift in Sources */,
				4F226E4321EF8B30004440EA /* AppDelegate.swift in Sources */,
				4F226E5C21EFBA27004440EA /* ApiClient.swift in Sources */,
			);
			runOnlyForDeploymentPostprocessing = 0;
		};
/* End PBXSourcesBuildPhase section */

/* Begin PBXVariantGroup section */
		4F226E4621EF8B30004440EA /* Main.storyboard */ = {
			isa = PBXVariantGroup;
			children = (
				4F226E4721EF8B30004440EA /* Base */,
			);
			name = Main.storyboard;
			sourceTree = "<group>";
		};
		4F226E4E21EF8B33004440EA /* LaunchScreen.storyboard */ = {
			isa = PBXVariantGroup;
			children = (
				4F226E4F21EF8B33004440EA /* Base */,
			);
			name = LaunchScreen.storyboard;
			sourceTree = "<group>";
		};
/* End PBXVariantGroup section */

/* Begin XCBuildConfiguration section */
		4F226E5221EF8B33004440EA /* Debug */ = {
			isa = XCBuildConfiguration;
			buildSettings = {
				ALWAYS_SEARCH_USER_PATHS = NO;
				CLANG_ANALYZER_NONNULL = YES;
				CLANG_ANALYZER_NUMBER_OBJECT_CONVERSION = YES_AGGRESSIVE;
				CLANG_CXX_LANGUAGE_STANDARD = "gnu++14";
				CLANG_CXX_LIBRARY = "libc++";
				CLANG_ENABLE_MODULES = YES;
				CLANG_ENABLE_OBJC_ARC = YES;
				CLANG_ENABLE_OBJC_WEAK = YES;
				CLANG_WARN_BLOCK_CAPTURE_AUTORELEASING = YES;
				CLANG_WARN_BOOL_CONVERSION = YES;
				CLANG_WARN_COMMA = YES;
				CLANG_WARN_CONSTANT_CONVERSION = YES;
				CLANG_WARN_DEPRECATED_OBJC_IMPLEMENTATIONS = YES;
				CLANG_WARN_DIRECT_OBJC_ISA_USAGE = YES_ERROR;
				CLANG_WARN_DOCUMENTATION_COMMENTS = YES;
				CLANG_WARN_EMPTY_BODY = YES;
				CLANG_WARN_ENUM_CONVERSION = YES;
				CLANG_WARN_INFINITE_RECURSION = YES;
				CLANG_WARN_INT_CONVERSION = YES;
				CLANG_WARN_NON_LITERAL_NULL_CONVERSION = YES;
				CLANG_WARN_OBJC_IMPLICIT_RETAIN_SELF = YES;
				CLANG_WARN_OBJC_LITERAL_CONVERSION = YES;
				CLANG_WARN_OBJC_ROOT_CLASS = YES_ERROR;
				CLANG_WARN_RANGE_LOOP_ANALYSIS = YES;
				CLANG_WARN_STRICT_PROTOTYPES = YES;
				CLANG_WARN_SUSPICIOUS_MOVE = YES;
				CLANG_WARN_UNGUARDED_AVAILABILITY = YES_AGGRESSIVE;
				CLANG_WARN_UNREACHABLE_CODE = YES;
				CLANG_WARN__DUPLICATE_METHOD_MATCH = YES;
				CODE_SIGN_IDENTITY = "iPhone Developer";
				COPY_PHASE_STRIP = NO;
				DEBUG_INFORMATION_FORMAT = dwarf;
				ENABLE_STRICT_OBJC_MSGSEND = YES;
				ENABLE_TESTABILITY = YES;
				GCC_C_LANGUAGE_STANDARD = gnu11;
				GCC_DYNAMIC_NO_PIC = NO;
				GCC_NO_COMMON_BLOCKS = YES;
				GCC_OPTIMIZATION_LEVEL = 0;
				GCC_PREPROCESSOR_DEFINITIONS = (
					"DEBUG=1",
					"$(inherited)",
				);
				GCC_WARN_64_TO_32_BIT_CONVERSION = YES;
				GCC_WARN_ABOUT_RETURN_TYPE = YES_ERROR;
				GCC_WARN_UNDECLARED_SELECTOR = YES;
				GCC_WARN_UNINITIALIZED_AUTOS = YES_AGGRESSIVE;
				GCC_WARN_UNUSED_FUNCTION = YES;
				GCC_WARN_UNUSED_VARIABLE = YES;
				IPHONEOS_DEPLOYMENT_TARGET = 12.1;
				MTL_ENABLE_DEBUG_INFO = INCLUDE_SOURCE;
				MTL_FAST_MATH = YES;
				ONLY_ACTIVE_ARCH = YES;
				SDKROOT = iphoneos;
				SWIFT_ACTIVE_COMPILATION_CONDITIONS = DEBUG;
				SWIFT_OPTIMIZATION_LEVEL = "-Onone";
			};
			name = Debug;
		};
		4F226E5321EF8B33004440EA /* Release */ = {
			isa = XCBuildConfiguration;
			buildSettings = {
				ALWAYS_SEARCH_USER_PATHS = NO;
				CLANG_ANALYZER_NONNULL = YES;
				CLANG_ANALYZER_NUMBER_OBJECT_CONVERSION = YES_AGGRESSIVE;
				CLANG_CXX_LANGUAGE_STANDARD = "gnu++14";
				CLANG_CXX_LIBRARY = "libc++";
				CLANG_ENABLE_MODULES = YES;
				CLANG_ENABLE_OBJC_ARC = YES;
				CLANG_ENABLE_OBJC_WEAK = YES;
				CLANG_WARN_BLOCK_CAPTURE_AUTORELEASING = YES;
				CLANG_WARN_BOOL_CONVERSION = YES;
				CLANG_WARN_COMMA = YES;
				CLANG_WARN_CONSTANT_CONVERSION = YES;
				CLANG_WARN_DEPRECATED_OBJC_IMPLEMENTATIONS = YES;
				CLANG_WARN_DIRECT_OBJC_ISA_USAGE = YES_ERROR;
				CLANG_WARN_DOCUMENTATION_COMMENTS = YES;
				CLANG_WARN_EMPTY_BODY = YES;
				CLANG_WARN_ENUM_CONVERSION = YES;
				CLANG_WARN_INFINITE_RECURSION = YES;
				CLANG_WARN_INT_CONVERSION = YES;
				CLANG_WARN_NON_LITERAL_NULL_CONVERSION = YES;
				CLANG_WARN_OBJC_IMPLICIT_RETAIN_SELF = YES;
				CLANG_WARN_OBJC_LITERAL_CONVERSION = YES;
				CLANG_WARN_OBJC_ROOT_CLASS = YES_ERROR;
				CLANG_WARN_RANGE_LOOP_ANALYSIS = YES;
				CLANG_WARN_STRICT_PROTOTYPES = YES;
				CLANG_WARN_SUSPICIOUS_MOVE = YES;
				CLANG_WARN_UNGUARDED_AVAILABILITY = YES_AGGRESSIVE;
				CLANG_WARN_UNREACHABLE_CODE = YES;
				CLANG_WARN__DUPLICATE_METHOD_MATCH = YES;
				CODE_SIGN_IDENTITY = "iPhone Developer";
				COPY_PHASE_STRIP = NO;
				DEBUG_INFORMATION_FORMAT = "dwarf-with-dsym";
				ENABLE_NS_ASSERTIONS = NO;
				ENABLE_STRICT_OBJC_MSGSEND = YES;
				GCC_C_LANGUAGE_STANDARD = gnu11;
				GCC_NO_COMMON_BLOCKS = YES;
				GCC_WARN_64_TO_32_BIT_CONVERSION = YES;
				GCC_WARN_ABOUT_RETURN_TYPE = YES_ERROR;
				GCC_WARN_UNDECLARED_SELECTOR = YES;
				GCC_WARN_UNINITIALIZED_AUTOS = YES_AGGRESSIVE;
				GCC_WARN_UNUSED_FUNCTION = YES;
				GCC_WARN_UNUSED_VARIABLE = YES;
				IPHONEOS_DEPLOYMENT_TARGET = 12.1;
				MTL_ENABLE_DEBUG_INFO = NO;
				MTL_FAST_MATH = YES;
				SDKROOT = iphoneos;
				SWIFT_COMPILATION_MODE = wholemodule;
				SWIFT_OPTIMIZATION_LEVEL = "-O";
				VALIDATE_PRODUCT = YES;
			};
			name = Release;
		};
		4F226E5521EF8B33004440EA /* Debug */ = {
			isa = XCBuildConfiguration;
			baseConfigurationReference = 26544E0769F42F143F4B1897 /* Pods-ToDoList.debug.xcconfig */;
			buildSettings = {
				ASSETCATALOG_COMPILER_APPICON_NAME = AppIcon;
				CODE_SIGN_STYLE = Automatic;
				INFOPLIST_FILE = ToDoList/Info.plist;
				LD_RUNPATH_SEARCH_PATHS = (
					"$(inherited)",
					"@executable_path/Frameworks",
				);
				PRODUCT_BUNDLE_IDENTIFIER = com.belatrixsf.ToDoList;
				PRODUCT_NAME = "$(TARGET_NAME)";
				SWIFT_VERSION = 4.2;
				TARGETED_DEVICE_FAMILY = "1,2";
			};
			name = Debug;
		};
		4F226E5621EF8B33004440EA /* Release */ = {
			isa = XCBuildConfiguration;
			baseConfigurationReference = A6F709F1F92964F898DE4A7A /* Pods-ToDoList.release.xcconfig */;
			buildSettings = {
				ASSETCATALOG_COMPILER_APPICON_NAME = AppIcon;
				CODE_SIGN_STYLE = Automatic;
				INFOPLIST_FILE = ToDoList/Info.plist;
				LD_RUNPATH_SEARCH_PATHS = (
					"$(inherited)",
					"@executable_path/Frameworks",
				);
				PRODUCT_BUNDLE_IDENTIFIER = com.belatrixsf.ToDoList;
				PRODUCT_NAME = "$(TARGET_NAME)";
				SWIFT_VERSION = 4.2;
				TARGETED_DEVICE_FAMILY = "1,2";
			};
			name = Release;
		};
/* End XCBuildConfiguration section */

/* Begin XCConfigurationList section */
		4F226E3A21EF8B30004440EA /* Build configuration list for PBXProject "ToDoList" */ = {
			isa = XCConfigurationList;
			buildConfigurations = (
				4F226E5221EF8B33004440EA /* Debug */,
				4F226E5321EF8B33004440EA /* Release */,
			);
			defaultConfigurationIsVisible = 0;
			defaultConfigurationName = Release;
		};
		4F226E5421EF8B33004440EA /* Build configuration list for PBXNativeTarget "ToDoList" */ = {
			isa = XCConfigurationList;
			buildConfigurations = (
				4F226E5521EF8B33004440EA /* Debug */,
				4F226E5621EF8B33004440EA /* Release */,
			);
			defaultConfigurationIsVisible = 0;
			defaultConfigurationName = Release;
		};
/* End XCConfigurationList section */

/* Begin XCVersionGroup section */
		4F226E4921EF8B30004440EA /* ToDoList.xcdatamodeld */ = {
			isa = XCVersionGroup;
			children = (
				4F226E4A21EF8B30004440EA /* ToDoList.xcdatamodel */,
			);
			currentVersion = 4F226E4A21EF8B30004440EA /* ToDoList.xcdatamodel */;
			path = ToDoList.xcdatamodeld;
			sourceTree = "<group>";
			versionGroupType = wrapper.xcdatamodel;
		};
/* End XCVersionGroup section */
	};
	rootObject = 4F226E3721EF8B30004440EA /* Project object */;
}
